{
  "version": 4,
  "terraform_version": "1.2.9",
  "serial": 14,
  "lineage": "b0f0c9da-ef18-2575-f567-7bbc1cb07c3e",
  "outputs": {},
  "resources": [
    {
      "module": "module.my_lxc",
      "mode": "data",
      "type": "cloudflare_zones",
      "name": "domain_zone",
      "provider": "provider[\"registry.terraform.io/cloudflare/cloudflare\"]",
      "instances": [
        {
          "schema_version": 0,
          "attributes": {
            "filter": [
              {
                "account_id": "",
                "lookup_type": "exact",
                "match": "",
                "name": "macminis.net",
                "paused": false,
                "status": ""
              }
            ],
            "id": "9f952c7727a3a40f9ecb44d2fbe9cb55",
            "zones": [
              {
                "id": "043776cd1e2d4639152e56c2a5a960cf",
                "name": "macminis.net"
              }
            ]
          },
          "sensitive_attributes": []
        }
      ]
    },
    {
      "module": "module.my_lxc",
      "mode": "data",
      "type": "github_user",
      "name": "my_username",
      "provider": "provider[\"registry.terraform.io/integrations/github\"]",
      "instances": [
        {
          "schema_version": 0,
          "attributes": {
            "avatar_url": "https://avatars.githubusercontent.com/u/1243108?v=4",
            "bio": "According to my sister, I type a lot and stare at the screen all day long... so I'm going with that for my profile ¯\\_(ツ)_/¯",
            "blog": "https://ifarfan.github.io/",
            "company": "",
            "created_at": null,
            "email": "",
            "followers": 6,
            "following": 0,
            "gpg_keys": [],
            "gravatar_id": "",
            "id": "1243108",
            "location": "Philly + NYC",
            "login": "ifarfan",
            "name": "Israel Farfan",
            "node_id": "MDQ6VXNlcjEyNDMxMDg=",
            "public_gists": 0,
            "public_repos": 9,
            "site_admin": false,
            "ssh_keys": [
              "ssh-ed25519 AAAAC3NzaC1lZDI1NTE5AAAAIIgjDNPF6qWWgfXWzXxrejnbX/HhXr4gMk0wKuJKLcJ9",
              "ssh-ed25519 AAAAC3NzaC1lZDI1NTE5AAAAIMCrXpYaS428kLIfnOexfpckpl0QzNvzoUH9kdv75z+O",
              "ssh-rsa AAAAB3NzaC1yc2EAAAADAQABAAACAQCrb2CojCj7UnsULAAgxmfYgIGspCScS4qde+HOwNhhMophsbwXTEt44CM+7xJDJOtl4Kosp2KkD6AmYJQ5mc9eGyZSRziDUXnezU1WO/RBg040Nj47sYTsirAdU/lVwydu8ThE6qr+HCcWOpYKD7CMWwXRzn47nDjD5h65vCkRiPa3pyur3STQCUN3j6gauV7eCmiLxufmaUidDGPnqqz7/V4FJKLbyF+sB/z8Xx5VLCi+nGuSe2LJeLTBgnyMatRRRqd5rjfDIoWt9HKxC2J4uBZPbgiWLmV/j5QgG8HKs0aahEsup+YUOjB+SzZVxMJCaFbWBDrHvXDAT3KpTEDJ8csOUklni3bERyuOPQOMzYRUW0xU7NwtcfVwjTHLXVYKcdHjMeJtcDtdZidybG5b2OVI3dADyQOPmRDw7LjNjpACPuZkRkyMiqB1sbcL/b/zQVrDNr3vbAOhdaX8pt7nbsSYz5XkXdcW78L5k9pc+zZ9PNAIik3+7uL3Czh+JOGxIIg0YxWkduO6B8bhyNz08pw2WiYrUuJuHvcjlK1jYenzpEz0raAMal7z2/A64Bm7LX4blq05HeswtCpI9HFjCI8GsHFXP5adLy1iBeN/DSORN26Gg4rFj2pxfIEM7yJFjbYF3iIlHWmefDCnccfAa99SETbcJugCpDNstyK0xQ=="
            ],
            "suspended_at": null,
            "updated_at": null,
            "username": "ifarfan"
          },
          "sensitive_attributes": []
        }
      ]
    },
    {
      "module": "module.my_lxc",
      "mode": "managed",
      "type": "cloudflare_record",
      "name": "dns_record",
      "provider": "provider[\"registry.terraform.io/cloudflare/cloudflare\"]",
      "instances": [
        {
          "schema_version": 2,
          "attributes": {
            "allow_overwrite": false,
            "created_on": "2022-10-07T23:05:50.026055Z",
            "data": [],
            "hostname": "portainer.macminis.net",
            "id": "2fbafa1cad493b45b6fa4539dae12e68",
            "metadata": {
              "auto_added": "false",
              "managed_by_apps": "false",
              "managed_by_argo_tunnel": "false",
              "source": "primary"
            },
            "modified_on": "2022-10-07T23:05:50.026055Z",
            "name": "portainer",
            "priority": null,
            "proxiable": false,
            "proxied": false,
            "timeouts": null,
            "ttl": 3600,
            "type": "A",
            "value": "192.168.136.23",
            "zone_id": "043776cd1e2d4639152e56c2a5a960cf"
          },
          "sensitive_attributes": [],
          "private": "eyJlMmJmYjczMC1lY2FhLTExZTYtOGY4OC0zNDM2M2JjN2M0YzAiOnsiY3JlYXRlIjozMDAwMDAwMDAwMCwidXBkYXRlIjozMDAwMDAwMDAwMH0sInNjaGVtYV92ZXJzaW9uIjoiMiJ9",
          "dependencies": [
            "module.my_lxc.data.cloudflare_zones.domain_zone"
          ]
        }
      ]
    },
    {
      "module": "module.my_lxc",
      "mode": "managed",
      "type": "proxmox_lxc",
      "name": "lxc",
      "provider": "module.my_lxc.provider[\"registry.terraform.io/telmate/proxmox\"]",
      "instances": [
        {
          "schema_version": 0,
          "attributes": {
            "arch": "amd64",
            "bwlimit": 0,
            "clone": null,
            "clone_storage": null,
            "cmode": "tty",
            "console": true,
            "cores": 4,
            "cpulimit": 0,
            "cpuunits": 1024,
            "description": "The man, the legend\n",
            "features": [
              {
                "fuse": false,
                "keyctl": true,
                "mknod": false,
                "mount": "",
                "nesting": true
              }
            ],
            "force": false,
            "full": null,
            "hagroup": "",
            "hastate": "",
            "hookscript": "",
            "hostname": "portainer.macminis.net",
            "id": "macmini3/lxc/112",
            "ignore_unpack_errors": false,
            "lock": "",
            "memory": 8192,
            "mountpoint": [
              {
                "acl": false,
                "backup": false,
                "file": "vm-112-disk-1",
                "key": "0",
                "mp": "/var/lib/docker",
                "quota": false,
                "replicate": false,
                "shared": false,
                "size": "20G",
                "slot": 0,
                "storage": "local-lvm",
                "volume": "local-lvm:vm-112-disk-1"
              }
            ],
            "nameserver": "",
            "network": [
              {
                "bridge": "vmbr0",
                "firewall": true,
                "gw": "192.168.136.1",
                "gw6": "",
                "hwaddr": "02:FD:BA:D0:0C:03",
                "ip": "192.168.136.23/32",
                "ip6": "",
                "mtu": 0,
                "name": "eth0",
                "rate": 0,
                "tag": 0,
                "trunks": "",
                "type": "veth"
              }
            ],
            "onboot": true,
            "ostemplate": "local:vztmpl/ubuntu-22.04-standard_22.04-1_amd64.tar.zst",
            "ostype": "ubuntu",
            "password": null,
            "pool": null,
            "protection": false,
            "restore": false,
            "rootfs": [
              {
                "acl": false,
                "quota": false,
                "replicate": false,
                "ro": false,
                "shared": false,
                "size": "4G",
                "storage": "local-lvm",
                "volume": "local-lvm:vm-112-disk-0"
              }
            ],
            "searchdomain": "",
            "ssh_public_keys": "ssh-ed25519 AAAAC3NzaC1lZDI1NTE5AAAAIIgjDNPF6qWWgfXWzXxrejnbX/HhXr4gMk0wKuJKLcJ9\nssh-ed25519 AAAAC3NzaC1lZDI1NTE5AAAAIMCrXpYaS428kLIfnOexfpckpl0QzNvzoUH9kdv75z+O\nssh-rsa AAAAB3NzaC1yc2EAAAADAQABAAACAQCrb2CojCj7UnsULAAgxmfYgIGspCScS4qde+HOwNhhMophsbwXTEt44CM+7xJDJOtl4Kosp2KkD6AmYJQ5mc9eGyZSRziDUXnezU1WO/RBg040Nj47sYTsirAdU/lVwydu8ThE6qr+HCcWOpYKD7CMWwXRzn47nDjD5h65vCkRiPa3pyur3STQCUN3j6gauV7eCmiLxufmaUidDGPnqqz7/V4FJKLbyF+sB/z8Xx5VLCi+nGuSe2LJeLTBgnyMatRRRqd5rjfDIoWt9HKxC2J4uBZPbgiWLmV/j5QgG8HKs0aahEsup+YUOjB+SzZVxMJCaFbWBDrHvXDAT3KpTEDJ8csOUklni3bERyuOPQOMzYRUW0xU7NwtcfVwjTHLXVYKcdHjMeJtcDtdZidybG5b2OVI3dADyQOPmRDw7LjNjpACPuZkRkyMiqB1sbcL/b/zQVrDNr3vbAOhdaX8pt7nbsSYz5XkXdcW78L5k9pc+zZ9PNAIik3+7uL3Czh+JOGxIIg0YxWkduO6B8bhyNz08pw2WiYrUuJuHvcjlK1jYenzpEz0raAMal7z2/A64Bm7LX4blq05HeswtCpI9HFjCI8GsHFXP5adLy1iBeN/DSORN26Gg4rFj2pxfIEM7yJFjbYF3iIlHWmefDCnccfAa99SETbcJugCpDNstyK0xQ==",
            "start": true,
            "startup": "",
            "swap": 0,
            "tags": "",
            "target_node": "macmini3",
            "template": false,
            "timeouts": null,
            "tty": 2,
            "unique": false,
            "unprivileged": false,
            "unused": [],
            "vmid": null
          },
          "sensitive_attributes": [],
          "private": "eyJlMmJmYjczMC1lY2FhLTExZTYtOGY4OC0zNDM2M2JjN2M0YzAiOnsiY3JlYXRlIjozMDAwMDAwMDAwMDAsImRlZmF1bHQiOjMwMDAwMDAwMDAwMCwiZGVsZXRlIjoxODAwMDAwMDAwMDAsInJlYWQiOjE4MDAwMDAwMDAwMCwidXBkYXRlIjoxODAwMDAwMDAwMDB9fQ==",
          "dependencies": [
            "module.my_lxc.data.github_user.my_username"
          ]
        }
      ]
    }
  ]
}
