{
  "version": 4,
  "terraform_version": "1.2.9",
  "serial": 207,
  "lineage": "fdf6a567-7e28-a68f-1731-ce75908cb41b",
  "outputs": {},
  "resources": [
    {
      "mode": "data",
      "type": "cloudflare_zones",
      "name": "domain_zone",
      "provider": "provider[\"registry.terraform.io/cloudflare/cloudflare\"]",
      "instances": [
        {
          "schema_version": 0,
          "attributes": {
            "filter": [
              {
                "account_id": "",
                "lookup_type": "exact",
                "match": "",
                "name": "macminis.net",
                "paused": false,
                "status": ""
              }
            ],
            "id": "9f952c7727a3a40f9ecb44d2fbe9cb55",
            "zones": [
              {
                "id": "043776cd1e2d4639152e56c2a5a960cf",
                "name": "macminis.net"
              }
            ]
          },
          "sensitive_attributes": []
        }
      ]
    },
    {
      "mode": "managed",
      "type": "cloudflare_record",
      "name": "dns_record_agent",
      "provider": "provider[\"registry.terraform.io/cloudflare/cloudflare\"]",
      "instances": [
        {
          "index_key": "k3os-agent-01",
          "schema_version": 2,
          "attributes": {
            "allow_overwrite": false,
            "created_on": "2022-10-19T16:59:06.987766Z",
            "data": [],
            "hostname": "k3os-agent-01.macminis.net",
            "id": "9c9ede594334ad3e018d15ceafc08fe9",
            "metadata": {
              "auto_added": "false",
              "managed_by_apps": "false",
              "managed_by_argo_tunnel": "false",
              "source": "primary"
            },
            "modified_on": "2022-10-19T16:59:06.987766Z",
            "name": "k3os-agent-01",
            "priority": null,
            "proxiable": false,
            "proxied": false,
            "timeouts": null,
            "ttl": 3600,
            "type": "A",
            "value": "192.168.136.44",
            "zone_id": "043776cd1e2d4639152e56c2a5a960cf"
          },
          "sensitive_attributes": [],
          "private": "eyJlMmJmYjczMC1lY2FhLTExZTYtOGY4OC0zNDM2M2JjN2M0YzAiOnsiY3JlYXRlIjozMDAwMDAwMDAwMCwidXBkYXRlIjozMDAwMDAwMDAwMH0sInNjaGVtYV92ZXJzaW9uIjoiMiJ9",
          "dependencies": [
            "data.cloudflare_zones.domain_zone"
          ]
        },
        {
          "index_key": "k3os-agent-02",
          "schema_version": 2,
          "attributes": {
            "allow_overwrite": false,
            "created_on": "2022-10-19T16:59:07.950762Z",
            "data": [],
            "hostname": "k3os-agent-02.macminis.net",
            "id": "a1d847b7471f8bec9fc678e06ec1c9f6",
            "metadata": {
              "auto_added": "false",
              "managed_by_apps": "false",
              "managed_by_argo_tunnel": "false",
              "source": "primary"
            },
            "modified_on": "2022-10-19T16:59:07.950762Z",
            "name": "k3os-agent-02",
            "priority": null,
            "proxiable": false,
            "proxied": false,
            "timeouts": null,
            "ttl": 3600,
            "type": "A",
            "value": "192.168.136.45",
            "zone_id": "043776cd1e2d4639152e56c2a5a960cf"
          },
          "sensitive_attributes": [],
          "private": "eyJlMmJmYjczMC1lY2FhLTExZTYtOGY4OC0zNDM2M2JjN2M0YzAiOnsiY3JlYXRlIjozMDAwMDAwMDAwMCwidXBkYXRlIjozMDAwMDAwMDAwMH0sInNjaGVtYV92ZXJzaW9uIjoiMiJ9",
          "dependencies": [
            "data.cloudflare_zones.domain_zone"
          ]
        },
        {
          "index_key": "k3os-agent-03",
          "schema_version": 2,
          "attributes": {
            "allow_overwrite": false,
            "created_on": "2022-10-19T16:59:06.274384Z",
            "data": [],
            "hostname": "k3os-agent-03.macminis.net",
            "id": "d7a112ea9f4455d29b666f03f8537635",
            "metadata": {
              "auto_added": "false",
              "managed_by_apps": "false",
              "managed_by_argo_tunnel": "false",
              "source": "primary"
            },
            "modified_on": "2022-10-19T16:59:06.274384Z",
            "name": "k3os-agent-03",
            "priority": null,
            "proxiable": false,
            "proxied": false,
            "timeouts": null,
            "ttl": 3600,
            "type": "A",
            "value": "192.168.136.46",
            "zone_id": "043776cd1e2d4639152e56c2a5a960cf"
          },
          "sensitive_attributes": [],
          "private": "eyJlMmJmYjczMC1lY2FhLTExZTYtOGY4OC0zNDM2M2JjN2M0YzAiOnsiY3JlYXRlIjozMDAwMDAwMDAwMCwidXBkYXRlIjozMDAwMDAwMDAwMH0sInNjaGVtYV92ZXJzaW9uIjoiMiJ9",
          "dependencies": [
            "data.cloudflare_zones.domain_zone"
          ]
        }
      ]
    },
    {
      "mode": "managed",
      "type": "cloudflare_record",
      "name": "dns_record_data",
      "provider": "provider[\"registry.terraform.io/cloudflare/cloudflare\"]",
      "instances": [
        {
          "index_key": "k3os-data-01",
          "schema_version": 2,
          "attributes": {
            "allow_overwrite": false,
            "created_on": "2022-10-19T16:59:07.703825Z",
            "data": [],
            "hostname": "k3os-data-01.macminis.net",
            "id": "0fdb66c70cd320461932a8f3eb23623f",
            "metadata": {
              "auto_added": "false",
              "managed_by_apps": "false",
              "managed_by_argo_tunnel": "false",
              "source": "primary"
            },
            "modified_on": "2022-10-19T16:59:07.703825Z",
            "name": "k3os-data-01",
            "priority": null,
            "proxiable": false,
            "proxied": false,
            "timeouts": null,
            "ttl": 3600,
            "type": "A",
            "value": "192.168.136.47",
            "zone_id": "043776cd1e2d4639152e56c2a5a960cf"
          },
          "sensitive_attributes": [],
          "private": "eyJlMmJmYjczMC1lY2FhLTExZTYtOGY4OC0zNDM2M2JjN2M0YzAiOnsiY3JlYXRlIjozMDAwMDAwMDAwMCwidXBkYXRlIjozMDAwMDAwMDAwMH0sInNjaGVtYV92ZXJzaW9uIjoiMiJ9",
          "dependencies": [
            "data.cloudflare_zones.domain_zone"
          ]
        },
        {
          "index_key": "k3os-data-02",
          "schema_version": 2,
          "attributes": {
            "allow_overwrite": false,
            "created_on": "2022-10-19T16:59:08.175583Z",
            "data": [],
            "hostname": "k3os-data-02.macminis.net",
            "id": "095382b4a2c27afa01be6660505a527d",
            "metadata": {
              "auto_added": "false",
              "managed_by_apps": "false",
              "managed_by_argo_tunnel": "false",
              "source": "primary"
            },
            "modified_on": "2022-10-19T16:59:08.175583Z",
            "name": "k3os-data-02",
            "priority": null,
            "proxiable": false,
            "proxied": false,
            "timeouts": null,
            "ttl": 3600,
            "type": "A",
            "value": "192.168.136.48",
            "zone_id": "043776cd1e2d4639152e56c2a5a960cf"
          },
          "sensitive_attributes": [],
          "private": "eyJlMmJmYjczMC1lY2FhLTExZTYtOGY4OC0zNDM2M2JjN2M0YzAiOnsiY3JlYXRlIjozMDAwMDAwMDAwMCwidXBkYXRlIjozMDAwMDAwMDAwMH0sInNjaGVtYV92ZXJzaW9uIjoiMiJ9",
          "dependencies": [
            "data.cloudflare_zones.domain_zone"
          ]
        },
        {
          "index_key": "k3os-data-03",
          "schema_version": 2,
          "attributes": {
            "allow_overwrite": false,
            "created_on": "2022-10-19T16:59:07.424077Z",
            "data": [],
            "hostname": "k3os-data-03.macminis.net",
            "id": "4dd4fa9d765b5f6bfc655bd80cb93a16",
            "metadata": {
              "auto_added": "false",
              "managed_by_apps": "false",
              "managed_by_argo_tunnel": "false",
              "source": "primary"
            },
            "modified_on": "2022-10-19T16:59:07.424077Z",
            "name": "k3os-data-03",
            "priority": null,
            "proxiable": false,
            "proxied": false,
            "timeouts": null,
            "ttl": 3600,
            "type": "A",
            "value": "192.168.136.49",
            "zone_id": "043776cd1e2d4639152e56c2a5a960cf"
          },
          "sensitive_attributes": [],
          "private": "eyJlMmJmYjczMC1lY2FhLTExZTYtOGY4OC0zNDM2M2JjN2M0YzAiOnsiY3JlYXRlIjozMDAwMDAwMDAwMCwidXBkYXRlIjozMDAwMDAwMDAwMH0sInNjaGVtYV92ZXJzaW9uIjoiMiJ9",
          "dependencies": [
            "data.cloudflare_zones.domain_zone"
          ]
        }
      ]
    },
    {
      "mode": "managed",
      "type": "cloudflare_record",
      "name": "dns_record_server",
      "provider": "provider[\"registry.terraform.io/cloudflare/cloudflare\"]",
      "instances": [
        {
          "index_key": "k3os-server-01",
          "schema_version": 2,
          "attributes": {
            "allow_overwrite": false,
            "created_on": "2022-10-19T16:59:06.663463Z",
            "data": [],
            "hostname": "k3os-server-01.macminis.net",
            "id": "714982b1923c25665368eb7df019b834",
            "metadata": {
              "auto_added": "false",
              "managed_by_apps": "false",
              "managed_by_argo_tunnel": "false",
              "source": "primary"
            },
            "modified_on": "2022-10-19T16:59:06.663463Z",
            "name": "k3os-server-01",
            "priority": null,
            "proxiable": false,
            "proxied": false,
            "timeouts": null,
            "ttl": 3600,
            "type": "A",
            "value": "192.168.136.41",
            "zone_id": "043776cd1e2d4639152e56c2a5a960cf"
          },
          "sensitive_attributes": [],
          "private": "eyJlMmJmYjczMC1lY2FhLTExZTYtOGY4OC0zNDM2M2JjN2M0YzAiOnsiY3JlYXRlIjozMDAwMDAwMDAwMCwidXBkYXRlIjozMDAwMDAwMDAwMH0sInNjaGVtYV92ZXJzaW9uIjoiMiJ9",
          "dependencies": [
            "data.cloudflare_zones.domain_zone"
          ]
        },
        {
          "index_key": "k3os-server-02",
          "schema_version": 2,
          "attributes": {
            "allow_overwrite": false,
            "created_on": "2022-10-19T16:59:05.910201Z",
            "data": [],
            "hostname": "k3os-server-02.macminis.net",
            "id": "ce5e6ebf15a5d39de31ff44b9745b4a1",
            "metadata": {
              "auto_added": "false",
              "managed_by_apps": "false",
              "managed_by_argo_tunnel": "false",
              "source": "primary"
            },
            "modified_on": "2022-10-19T16:59:05.910201Z",
            "name": "k3os-server-02",
            "priority": null,
            "proxiable": false,
            "proxied": false,
            "timeouts": null,
            "ttl": 3600,
            "type": "A",
            "value": "192.168.136.42",
            "zone_id": "043776cd1e2d4639152e56c2a5a960cf"
          },
          "sensitive_attributes": [],
          "private": "eyJlMmJmYjczMC1lY2FhLTExZTYtOGY4OC0zNDM2M2JjN2M0YzAiOnsiY3JlYXRlIjozMDAwMDAwMDAwMCwidXBkYXRlIjozMDAwMDAwMDAwMH0sInNjaGVtYV92ZXJzaW9uIjoiMiJ9",
          "dependencies": [
            "data.cloudflare_zones.domain_zone"
          ]
        },
        {
          "index_key": "k3os-server-03",
          "schema_version": 2,
          "attributes": {
            "allow_overwrite": false,
            "created_on": "2022-10-19T16:59:06.832158Z",
            "data": [],
            "hostname": "k3os-server-03.macminis.net",
            "id": "7668cdf90a06573308f816f97207cb8a",
            "metadata": {
              "auto_added": "false",
              "managed_by_apps": "false",
              "managed_by_argo_tunnel": "false",
              "source": "primary"
            },
            "modified_on": "2022-10-19T16:59:06.832158Z",
            "name": "k3os-server-03",
            "priority": null,
            "proxiable": false,
            "proxied": false,
            "timeouts": null,
            "ttl": 3600,
            "type": "A",
            "value": "192.168.136.43",
            "zone_id": "043776cd1e2d4639152e56c2a5a960cf"
          },
          "sensitive_attributes": [],
          "private": "eyJlMmJmYjczMC1lY2FhLTExZTYtOGY4OC0zNDM2M2JjN2M0YzAiOnsiY3JlYXRlIjozMDAwMDAwMDAwMCwidXBkYXRlIjozMDAwMDAwMDAwMH0sInNjaGVtYV92ZXJzaW9uIjoiMiJ9",
          "dependencies": [
            "data.cloudflare_zones.domain_zone"
          ]
        }
      ]
    },
    {
      "mode": "managed",
      "type": "cloudflare_record",
      "name": "vip_record",
      "provider": "provider[\"registry.terraform.io/cloudflare/cloudflare\"]",
      "instances": [
        {
          "schema_version": 2,
          "attributes": {
            "allow_overwrite": false,
            "created_on": "2022-10-19T16:59:07.931264Z",
            "data": [],
            "hostname": "k3os.macminis.net",
            "id": "9ddc8d735ec67cf7b0d3ab165f70cd95",
            "metadata": {
              "auto_added": "false",
              "managed_by_apps": "false",
              "managed_by_argo_tunnel": "false",
              "source": "primary"
            },
            "modified_on": "2022-10-19T16:59:07.931264Z",
            "name": "k3os",
            "priority": null,
            "proxiable": false,
            "proxied": false,
            "timeouts": null,
            "ttl": 1,
            "type": "A",
            "value": "192.168.136.40",
            "zone_id": "043776cd1e2d4639152e56c2a5a960cf"
          },
          "sensitive_attributes": [],
          "private": "eyJlMmJmYjczMC1lY2FhLTExZTYtOGY4OC0zNDM2M2JjN2M0YzAiOnsiY3JlYXRlIjozMDAwMDAwMDAwMCwidXBkYXRlIjozMDAwMDAwMDAwMH0sInNjaGVtYV92ZXJzaW9uIjoiMiJ9",
          "dependencies": [
            "data.cloudflare_zones.domain_zone"
          ]
        }
      ]
    },
    {
      "mode": "managed",
      "type": "proxmox_vm_qemu",
      "name": "agents",
      "provider": "provider[\"registry.terraform.io/telmate/proxmox\"]",
      "instances": [
        {
          "index_key": "k3os-agent-01",
          "schema_version": 0,
          "attributes": {
            "additional_wait": 0,
            "agent": 0,
            "args": "",
            "automatic_reboot": true,
            "balloon": 0,
            "bios": "seabios",
            "boot": "c",
            "bootdisk": "",
            "bridge": "",
            "ci_wait": null,
            "cicustom": "",
            "cipassword": "",
            "ciuser": "",
            "clone": null,
            "clone_wait": 0,
            "cloudinit_cdrom_storage": null,
            "cores": 4,
            "cpu": "host",
            "default_ipv4_address": null,
            "define_connection_info": true,
            "desc": "k3os Agent 01",
            "disk": [
              {
                "aio": "",
                "backup": 0,
                "cache": "none",
                "discard": "",
                "file": "vm-110-disk-0",
                "format": "raw",
                "iops": 0,
                "iops_max": 0,
                "iops_max_length": 0,
                "iops_rd": 0,
                "iops_rd_max": 0,
                "iops_rd_max_length": 0,
                "iops_wr": 0,
                "iops_wr_max": 0,
                "iops_wr_max_length": 0,
                "iothread": 0,
                "mbps": 0,
                "mbps_rd": 0,
                "mbps_rd_max": 0,
                "mbps_wr": 0,
                "mbps_wr_max": 0,
                "media": "",
                "replicate": 0,
                "size": "20G",
                "slot": 0,
                "ssd": 0,
                "storage": "local-lvm",
                "storage_type": "lvmthin",
                "type": "virtio",
                "volume": "local-lvm:vm-110-disk-0"
              }
            ],
            "disk_gb": 0,
            "force_create": false,
            "force_recreate_on_change_of": null,
            "full_clone": true,
            "guest_agent_ready_timeout": 100,
            "hagroup": "",
            "hastate": "",
            "hotplug": "network,disk,usb",
            "id": "macmini1/qemu/110",
            "ipconfig0": "",
            "ipconfig1": "",
            "ipconfig2": "",
            "ipconfig3": "",
            "ipconfig4": "",
            "ipconfig5": "",
            "iso": "/mnt/pve/remote-nfs/template/iso/k3os-amd64.iso",
            "kvm": true,
            "mac": "",
            "memory": 8192,
            "name": "k3os-agent-01.macminis.net",
            "nameserver": "",
            "network": [
              {
                "bridge": "vmbr0",
                "firewall": true,
                "link_down": false,
                "macaddr": "62:25:FE:29:A1:EC",
                "model": "virtio",
                "mtu": 0,
                "queues": 0,
                "rate": 0,
                "tag": -1
              }
            ],
            "nic": "",
            "numa": false,
            "onboot": true,
            "oncreate": false,
            "os_network_config": null,
            "os_type": "Linux 5.x - 2.6 Kernel",
            "pool": "",
            "preprovision": true,
            "pxe": null,
            "qemu_os": "l26",
            "reboot_required": false,
            "scsihw": "virtio-scsi-pci",
            "searchdomain": "",
            "serial": [],
            "sockets": 1,
            "ssh_forward_ip": null,
            "ssh_host": null,
            "ssh_port": null,
            "ssh_private_key": null,
            "ssh_user": null,
            "sshkeys": "",
            "startup": "",
            "storage": "",
            "storage_type": "",
            "tablet": true,
            "tags": "",
            "target_node": "macmini1",
            "timeouts": null,
            "unused_disk": [],
            "usb": [],
            "vcpus": 0,
            "vga": [],
            "vlan": -1,
            "vmid": null
          },
          "sensitive_attributes": [],
          "private": "eyJlMmJmYjczMC1lY2FhLTExZTYtOGY4OC0zNDM2M2JjN2M0YzAiOnsiY3JlYXRlIjozMDAwMDAwMDAwMDAsImRlZmF1bHQiOjMwMDAwMDAwMDAwMCwiZGVsZXRlIjoxODAwMDAwMDAwMDAsInJlYWQiOjE4MDAwMDAwMDAwMCwidXBkYXRlIjoxODAwMDAwMDAwMDB9fQ=="
        },
        {
          "index_key": "k3os-agent-02",
          "schema_version": 0,
          "attributes": {
            "additional_wait": 0,
            "agent": 0,
            "args": "",
            "automatic_reboot": true,
            "balloon": 0,
            "bios": "seabios",
            "boot": "c",
            "bootdisk": "",
            "bridge": "",
            "ci_wait": null,
            "cicustom": "",
            "cipassword": "",
            "ciuser": "",
            "clone": null,
            "clone_wait": 0,
            "cloudinit_cdrom_storage": null,
            "cores": 4,
            "cpu": "host",
            "default_ipv4_address": null,
            "define_connection_info": true,
            "desc": "k3os Agent 02",
            "disk": [
              {
                "aio": "",
                "backup": 0,
                "cache": "none",
                "discard": "",
                "file": "vm-107-disk-0",
                "format": "raw",
                "iops": 0,
                "iops_max": 0,
                "iops_max_length": 0,
                "iops_rd": 0,
                "iops_rd_max": 0,
                "iops_rd_max_length": 0,
                "iops_wr": 0,
                "iops_wr_max": 0,
                "iops_wr_max_length": 0,
                "iothread": 0,
                "mbps": 0,
                "mbps_rd": 0,
                "mbps_rd_max": 0,
                "mbps_wr": 0,
                "mbps_wr_max": 0,
                "media": "",
                "replicate": 0,
                "size": "20G",
                "slot": 0,
                "ssd": 0,
                "storage": "local-lvm",
                "storage_type": "lvmthin",
                "type": "virtio",
                "volume": "local-lvm:vm-107-disk-0"
              }
            ],
            "disk_gb": 0,
            "force_create": false,
            "force_recreate_on_change_of": null,
            "full_clone": true,
            "guest_agent_ready_timeout": 100,
            "hagroup": "",
            "hastate": "",
            "hotplug": "network,disk,usb",
            "id": "macmini2/qemu/107",
            "ipconfig0": "",
            "ipconfig1": "",
            "ipconfig2": "",
            "ipconfig3": "",
            "ipconfig4": "",
            "ipconfig5": "",
            "iso": "/mnt/pve/remote-nfs/template/iso/k3os-amd64.iso",
            "kvm": true,
            "mac": "",
            "memory": 8192,
            "name": "k3os-agent-02.macminis.net",
            "nameserver": "",
            "network": [
              {
                "bridge": "vmbr0",
                "firewall": true,
                "link_down": false,
                "macaddr": "7A:A2:CC:C6:EC:A3",
                "model": "virtio",
                "mtu": 0,
                "queues": 0,
                "rate": 0,
                "tag": -1
              }
            ],
            "nic": "",
            "numa": false,
            "onboot": true,
            "oncreate": false,
            "os_network_config": null,
            "os_type": "Linux 5.x - 2.6 Kernel",
            "pool": "",
            "preprovision": true,
            "pxe": null,
            "qemu_os": "l26",
            "reboot_required": false,
            "scsihw": "virtio-scsi-pci",
            "searchdomain": "",
            "serial": [],
            "sockets": 1,
            "ssh_forward_ip": null,
            "ssh_host": null,
            "ssh_port": null,
            "ssh_private_key": null,
            "ssh_user": null,
            "sshkeys": "",
            "startup": "",
            "storage": "",
            "storage_type": "",
            "tablet": true,
            "tags": "",
            "target_node": "macmini2",
            "timeouts": null,
            "unused_disk": [],
            "usb": [],
            "vcpus": 0,
            "vga": [],
            "vlan": -1,
            "vmid": null
          },
          "sensitive_attributes": [],
          "private": "eyJlMmJmYjczMC1lY2FhLTExZTYtOGY4OC0zNDM2M2JjN2M0YzAiOnsiY3JlYXRlIjozMDAwMDAwMDAwMDAsImRlZmF1bHQiOjMwMDAwMDAwMDAwMCwiZGVsZXRlIjoxODAwMDAwMDAwMDAsInJlYWQiOjE4MDAwMDAwMDAwMCwidXBkYXRlIjoxODAwMDAwMDAwMDB9fQ=="
        },
        {
          "index_key": "k3os-agent-03",
          "schema_version": 0,
          "attributes": {
            "additional_wait": 0,
            "agent": 0,
            "args": "",
            "automatic_reboot": true,
            "balloon": 0,
            "bios": "seabios",
            "boot": "c",
            "bootdisk": "",
            "bridge": "",
            "ci_wait": null,
            "cicustom": "",
            "cipassword": "",
            "ciuser": "",
            "clone": null,
            "clone_wait": 0,
            "cloudinit_cdrom_storage": null,
            "cores": 4,
            "cpu": "host",
            "default_ipv4_address": null,
            "define_connection_info": true,
            "desc": "k3os Agent 03",
            "disk": [
              {
                "aio": "",
                "backup": 0,
                "cache": "none",
                "discard": "",
                "file": "vm-111-disk-0",
                "format": "raw",
                "iops": 0,
                "iops_max": 0,
                "iops_max_length": 0,
                "iops_rd": 0,
                "iops_rd_max": 0,
                "iops_rd_max_length": 0,
                "iops_wr": 0,
                "iops_wr_max": 0,
                "iops_wr_max_length": 0,
                "iothread": 0,
                "mbps": 0,
                "mbps_rd": 0,
                "mbps_rd_max": 0,
                "mbps_wr": 0,
                "mbps_wr_max": 0,
                "media": "",
                "replicate": 0,
                "size": "20G",
                "slot": 0,
                "ssd": 0,
                "storage": "local-lvm",
                "storage_type": "lvmthin",
                "type": "virtio",
                "volume": "local-lvm:vm-111-disk-0"
              }
            ],
            "disk_gb": 0,
            "force_create": false,
            "force_recreate_on_change_of": null,
            "full_clone": true,
            "guest_agent_ready_timeout": 100,
            "hagroup": "",
            "hastate": "",
            "hotplug": "network,disk,usb",
            "id": "macmini3/qemu/111",
            "ipconfig0": "",
            "ipconfig1": "",
            "ipconfig2": "",
            "ipconfig3": "",
            "ipconfig4": "",
            "ipconfig5": "",
            "iso": "/mnt/pve/remote-nfs/template/iso/k3os-amd64.iso",
            "kvm": true,
            "mac": "",
            "memory": 8192,
            "name": "k3os-agent-03.macminis.net",
            "nameserver": "",
            "network": [
              {
                "bridge": "vmbr0",
                "firewall": true,
                "link_down": false,
                "macaddr": "96:D6:64:3B:9A:19",
                "model": "virtio",
                "mtu": 0,
                "queues": 0,
                "rate": 0,
                "tag": -1
              }
            ],
            "nic": "",
            "numa": false,
            "onboot": true,
            "oncreate": false,
            "os_network_config": null,
            "os_type": "Linux 5.x - 2.6 Kernel",
            "pool": "",
            "preprovision": true,
            "pxe": null,
            "qemu_os": "l26",
            "reboot_required": false,
            "scsihw": "virtio-scsi-pci",
            "searchdomain": "",
            "serial": [],
            "sockets": 1,
            "ssh_forward_ip": null,
            "ssh_host": null,
            "ssh_port": null,
            "ssh_private_key": null,
            "ssh_user": null,
            "sshkeys": "",
            "startup": "",
            "storage": "",
            "storage_type": "",
            "tablet": true,
            "tags": "",
            "target_node": "macmini3",
            "timeouts": null,
            "unused_disk": [],
            "usb": [],
            "vcpus": 0,
            "vga": [],
            "vlan": -1,
            "vmid": null
          },
          "sensitive_attributes": [],
          "private": "eyJlMmJmYjczMC1lY2FhLTExZTYtOGY4OC0zNDM2M2JjN2M0YzAiOnsiY3JlYXRlIjozMDAwMDAwMDAwMDAsImRlZmF1bHQiOjMwMDAwMDAwMDAwMCwiZGVsZXRlIjoxODAwMDAwMDAwMDAsInJlYWQiOjE4MDAwMDAwMDAwMCwidXBkYXRlIjoxODAwMDAwMDAwMDB9fQ=="
        }
      ]
    },
    {
      "mode": "managed",
      "type": "proxmox_vm_qemu",
      "name": "data",
      "provider": "provider[\"registry.terraform.io/telmate/proxmox\"]",
      "instances": [
        {
          "index_key": "k3os-data-01",
          "schema_version": 0,
          "attributes": {
            "additional_wait": 0,
            "agent": 0,
            "args": "",
            "automatic_reboot": true,
            "balloon": 0,
            "bios": "seabios",
            "boot": "c",
            "bootdisk": "",
            "bridge": "",
            "ci_wait": null,
            "cicustom": "",
            "cipassword": "",
            "ciuser": "",
            "clone": null,
            "clone_wait": 0,
            "cloudinit_cdrom_storage": null,
            "cores": 4,
            "cpu": "host",
            "default_ipv4_address": null,
            "define_connection_info": true,
            "desc": "k3os Data 01",
            "disk": [
              {
                "aio": "",
                "backup": 0,
                "cache": "none",
                "discard": "",
                "file": "vm-101-disk-0",
                "format": "raw",
                "iops": 0,
                "iops_max": 0,
                "iops_max_length": 0,
                "iops_rd": 0,
                "iops_rd_max": 0,
                "iops_rd_max_length": 0,
                "iops_wr": 0,
                "iops_wr_max": 0,
                "iops_wr_max_length": 0,
                "iothread": 0,
                "mbps": 0,
                "mbps_rd": 0,
                "mbps_rd_max": 0,
                "mbps_wr": 0,
                "mbps_wr_max": 0,
                "media": "",
                "replicate": 0,
                "size": "20G",
                "slot": 0,
                "ssd": 0,
                "storage": "local-lvm",
                "storage_type": "lvmthin",
                "type": "virtio",
                "volume": "local-lvm:vm-101-disk-0"
              }
            ],
            "disk_gb": 0,
            "force_create": false,
            "force_recreate_on_change_of": null,
            "full_clone": true,
            "guest_agent_ready_timeout": 100,
            "hagroup": "",
            "hastate": "",
            "hotplug": "network,disk,usb",
            "id": "macmini1/qemu/101",
            "ipconfig0": "",
            "ipconfig1": "",
            "ipconfig2": "",
            "ipconfig3": "",
            "ipconfig4": "",
            "ipconfig5": "",
            "iso": "/mnt/pve/remote-nfs/template/iso/k3os-amd64.iso",
            "kvm": true,
            "mac": "",
            "memory": 8192,
            "name": "k3os-data-01.macminis.net",
            "nameserver": "",
            "network": [
              {
                "bridge": "vmbr0",
                "firewall": true,
                "link_down": false,
                "macaddr": "DA:FB:15:45:B5:A0",
                "model": "virtio",
                "mtu": 0,
                "queues": 0,
                "rate": 0,
                "tag": -1
              }
            ],
            "nic": "",
            "numa": false,
            "onboot": true,
            "oncreate": false,
            "os_network_config": null,
            "os_type": "Linux 5.x - 2.6 Kernel",
            "pool": "",
            "preprovision": true,
            "pxe": null,
            "qemu_os": "l26",
            "reboot_required": false,
            "scsihw": "virtio-scsi-pci",
            "searchdomain": "",
            "serial": [],
            "sockets": 1,
            "ssh_forward_ip": null,
            "ssh_host": null,
            "ssh_port": null,
            "ssh_private_key": null,
            "ssh_user": null,
            "sshkeys": "",
            "startup": "",
            "storage": "",
            "storage_type": "",
            "tablet": true,
            "tags": "",
            "target_node": "macmini1",
            "timeouts": null,
            "unused_disk": [],
            "usb": [],
            "vcpus": 0,
            "vga": [],
            "vlan": -1,
            "vmid": null
          },
          "sensitive_attributes": [],
          "private": "eyJlMmJmYjczMC1lY2FhLTExZTYtOGY4OC0zNDM2M2JjN2M0YzAiOnsiY3JlYXRlIjozMDAwMDAwMDAwMDAsImRlZmF1bHQiOjMwMDAwMDAwMDAwMCwiZGVsZXRlIjoxODAwMDAwMDAwMDAsInJlYWQiOjE4MDAwMDAwMDAwMCwidXBkYXRlIjoxODAwMDAwMDAwMDB9fQ=="
        },
        {
          "index_key": "k3os-data-02",
          "schema_version": 0,
          "attributes": {
            "additional_wait": 0,
            "agent": 0,
            "args": "",
            "automatic_reboot": true,
            "balloon": 0,
            "bios": "seabios",
            "boot": "c",
            "bootdisk": "",
            "bridge": "",
            "ci_wait": null,
            "cicustom": "",
            "cipassword": "",
            "ciuser": "",
            "clone": null,
            "clone_wait": 0,
            "cloudinit_cdrom_storage": null,
            "cores": 4,
            "cpu": "host",
            "default_ipv4_address": null,
            "define_connection_info": true,
            "desc": "k3os Data 02",
            "disk": [
              {
                "aio": "",
                "backup": 0,
                "cache": "none",
                "discard": "",
                "file": "vm-100-disk-0",
                "format": "raw",
                "iops": 0,
                "iops_max": 0,
                "iops_max_length": 0,
                "iops_rd": 0,
                "iops_rd_max": 0,
                "iops_rd_max_length": 0,
                "iops_wr": 0,
                "iops_wr_max": 0,
                "iops_wr_max_length": 0,
                "iothread": 0,
                "mbps": 0,
                "mbps_rd": 0,
                "mbps_rd_max": 0,
                "mbps_wr": 0,
                "mbps_wr_max": 0,
                "media": "",
                "replicate": 0,
                "size": "20G",
                "slot": 0,
                "ssd": 0,
                "storage": "local-lvm",
                "storage_type": "lvmthin",
                "type": "virtio",
                "volume": "local-lvm:vm-100-disk-0"
              }
            ],
            "disk_gb": 0,
            "force_create": false,
            "force_recreate_on_change_of": null,
            "full_clone": true,
            "guest_agent_ready_timeout": 100,
            "hagroup": "",
            "hastate": "",
            "hotplug": "network,disk,usb",
            "id": "macmini2/qemu/100",
            "ipconfig0": "",
            "ipconfig1": "",
            "ipconfig2": "",
            "ipconfig3": "",
            "ipconfig4": "",
            "ipconfig5": "",
            "iso": "/mnt/pve/remote-nfs/template/iso/k3os-amd64.iso",
            "kvm": true,
            "mac": "",
            "memory": 8192,
            "name": "k3os-data-02.macminis.net",
            "nameserver": "",
            "network": [
              {
                "bridge": "vmbr0",
                "firewall": true,
                "link_down": false,
                "macaddr": "DE:A2:E3:2E:A6:C2",
                "model": "virtio",
                "mtu": 0,
                "queues": 0,
                "rate": 0,
                "tag": -1
              }
            ],
            "nic": "",
            "numa": false,
            "onboot": true,
            "oncreate": false,
            "os_network_config": null,
            "os_type": "Linux 5.x - 2.6 Kernel",
            "pool": "",
            "preprovision": true,
            "pxe": null,
            "qemu_os": "l26",
            "reboot_required": false,
            "scsihw": "virtio-scsi-pci",
            "searchdomain": "",
            "serial": [],
            "sockets": 1,
            "ssh_forward_ip": null,
            "ssh_host": null,
            "ssh_port": null,
            "ssh_private_key": null,
            "ssh_user": null,
            "sshkeys": "",
            "startup": "",
            "storage": "",
            "storage_type": "",
            "tablet": true,
            "tags": "",
            "target_node": "macmini2",
            "timeouts": null,
            "unused_disk": [],
            "usb": [],
            "vcpus": 0,
            "vga": [],
            "vlan": -1,
            "vmid": null
          },
          "sensitive_attributes": [],
          "private": "eyJlMmJmYjczMC1lY2FhLTExZTYtOGY4OC0zNDM2M2JjN2M0YzAiOnsiY3JlYXRlIjozMDAwMDAwMDAwMDAsImRlZmF1bHQiOjMwMDAwMDAwMDAwMCwiZGVsZXRlIjoxODAwMDAwMDAwMDAsInJlYWQiOjE4MDAwMDAwMDAwMCwidXBkYXRlIjoxODAwMDAwMDAwMDB9fQ=="
        },
        {
          "index_key": "k3os-data-03",
          "schema_version": 0,
          "attributes": {
            "additional_wait": 0,
            "agent": 0,
            "args": "",
            "automatic_reboot": true,
            "balloon": 0,
            "bios": "seabios",
            "boot": "c",
            "bootdisk": "",
            "bridge": "",
            "ci_wait": null,
            "cicustom": "",
            "cipassword": "",
            "ciuser": "",
            "clone": null,
            "clone_wait": 0,
            "cloudinit_cdrom_storage": null,
            "cores": 4,
            "cpu": "host",
            "default_ipv4_address": null,
            "define_connection_info": true,
            "desc": "k3os Data 03",
            "disk": [
              {
                "aio": "",
                "backup": 0,
                "cache": "none",
                "discard": "",
                "file": "vm-102-disk-0",
                "format": "raw",
                "iops": 0,
                "iops_max": 0,
                "iops_max_length": 0,
                "iops_rd": 0,
                "iops_rd_max": 0,
                "iops_rd_max_length": 0,
                "iops_wr": 0,
                "iops_wr_max": 0,
                "iops_wr_max_length": 0,
                "iothread": 0,
                "mbps": 0,
                "mbps_rd": 0,
                "mbps_rd_max": 0,
                "mbps_wr": 0,
                "mbps_wr_max": 0,
                "media": "",
                "replicate": 0,
                "size": "20G",
                "slot": 0,
                "ssd": 0,
                "storage": "local-lvm",
                "storage_type": "lvmthin",
                "type": "virtio",
                "volume": "local-lvm:vm-102-disk-0"
              }
            ],
            "disk_gb": 0,
            "force_create": false,
            "force_recreate_on_change_of": null,
            "full_clone": true,
            "guest_agent_ready_timeout": 100,
            "hagroup": "",
            "hastate": "",
            "hotplug": "network,disk,usb",
            "id": "macmini3/qemu/102",
            "ipconfig0": "",
            "ipconfig1": "",
            "ipconfig2": "",
            "ipconfig3": "",
            "ipconfig4": "",
            "ipconfig5": "",
            "iso": "/mnt/pve/remote-nfs/template/iso/k3os-amd64.iso",
            "kvm": true,
            "mac": "",
            "memory": 8192,
            "name": "k3os-data-03.macminis.net",
            "nameserver": "",
            "network": [
              {
                "bridge": "vmbr0",
                "firewall": true,
                "link_down": false,
                "macaddr": "9E:EA:96:88:49:D7",
                "model": "virtio",
                "mtu": 0,
                "queues": 0,
                "rate": 0,
                "tag": -1
              }
            ],
            "nic": "",
            "numa": false,
            "onboot": true,
            "oncreate": false,
            "os_network_config": null,
            "os_type": "Linux 5.x - 2.6 Kernel",
            "pool": "",
            "preprovision": true,
            "pxe": null,
            "qemu_os": "l26",
            "reboot_required": false,
            "scsihw": "virtio-scsi-pci",
            "searchdomain": "",
            "serial": [],
            "sockets": 1,
            "ssh_forward_ip": null,
            "ssh_host": null,
            "ssh_port": null,
            "ssh_private_key": null,
            "ssh_user": null,
            "sshkeys": "",
            "startup": "",
            "storage": "",
            "storage_type": "",
            "tablet": true,
            "tags": "",
            "target_node": "macmini3",
            "timeouts": null,
            "unused_disk": [],
            "usb": [],
            "vcpus": 0,
            "vga": [],
            "vlan": -1,
            "vmid": null
          },
          "sensitive_attributes": [],
          "private": "eyJlMmJmYjczMC1lY2FhLTExZTYtOGY4OC0zNDM2M2JjN2M0YzAiOnsiY3JlYXRlIjozMDAwMDAwMDAwMDAsImRlZmF1bHQiOjMwMDAwMDAwMDAwMCwiZGVsZXRlIjoxODAwMDAwMDAwMDAsInJlYWQiOjE4MDAwMDAwMDAwMCwidXBkYXRlIjoxODAwMDAwMDAwMDB9fQ=="
        }
      ]
    },
    {
      "mode": "managed",
      "type": "proxmox_vm_qemu",
      "name": "servers",
      "provider": "provider[\"registry.terraform.io/telmate/proxmox\"]",
      "instances": [
        {
          "index_key": "k3os-server-01",
          "schema_version": 0,
          "attributes": {
            "additional_wait": 0,
            "agent": 0,
            "args": "",
            "automatic_reboot": true,
            "balloon": 0,
            "bios": "seabios",
            "boot": "c",
            "bootdisk": "",
            "bridge": "",
            "ci_wait": null,
            "cicustom": "",
            "cipassword": "",
            "ciuser": "",
            "clone": null,
            "clone_wait": 0,
            "cloudinit_cdrom_storage": null,
            "cores": 1,
            "cpu": "host",
            "default_ipv4_address": null,
            "define_connection_info": true,
            "desc": "k3os Server 01",
            "disk": [
              {
                "aio": "",
                "backup": 0,
                "cache": "none",
                "discard": "",
                "file": "vm-109-disk-0",
                "format": "raw",
                "iops": 0,
                "iops_max": 0,
                "iops_max_length": 0,
                "iops_rd": 0,
                "iops_rd_max": 0,
                "iops_rd_max_length": 0,
                "iops_wr": 0,
                "iops_wr_max": 0,
                "iops_wr_max_length": 0,
                "iothread": 0,
                "mbps": 0,
                "mbps_rd": 0,
                "mbps_rd_max": 0,
                "mbps_wr": 0,
                "mbps_wr_max": 0,
                "media": "",
                "replicate": 0,
                "size": "4G",
                "slot": 0,
                "ssd": 0,
                "storage": "local-lvm",
                "storage_type": "lvmthin",
                "type": "virtio",
                "volume": "local-lvm:vm-109-disk-0"
              }
            ],
            "disk_gb": 0,
            "force_create": false,
            "force_recreate_on_change_of": null,
            "full_clone": true,
            "guest_agent_ready_timeout": 100,
            "hagroup": "",
            "hastate": "",
            "hotplug": "network,disk,usb",
            "id": "macmini1/qemu/109",
            "ipconfig0": "",
            "ipconfig1": "",
            "ipconfig2": "",
            "ipconfig3": "",
            "ipconfig4": "",
            "ipconfig5": "",
            "iso": "/mnt/pve/remote-nfs/template/iso/k3os-amd64.iso",
            "kvm": true,
            "mac": "",
            "memory": 2048,
            "name": "k3os-server-01.macminis.net",
            "nameserver": "",
            "network": [
              {
                "bridge": "vmbr0",
                "firewall": true,
                "link_down": false,
                "macaddr": "8A:9F:51:98:9B:48",
                "model": "virtio",
                "mtu": 0,
                "queues": 0,
                "rate": 0,
                "tag": -1
              }
            ],
            "nic": "",
            "numa": false,
            "onboot": true,
            "oncreate": false,
            "os_network_config": null,
            "os_type": "Linux 5.x - 2.6 Kernel",
            "pool": "",
            "preprovision": true,
            "pxe": null,
            "qemu_os": "l26",
            "reboot_required": false,
            "scsihw": "virtio-scsi-pci",
            "searchdomain": "",
            "serial": [],
            "sockets": 1,
            "ssh_forward_ip": null,
            "ssh_host": null,
            "ssh_port": null,
            "ssh_private_key": null,
            "ssh_user": null,
            "sshkeys": "",
            "startup": "",
            "storage": "",
            "storage_type": "",
            "tablet": true,
            "tags": "",
            "target_node": "macmini1",
            "timeouts": null,
            "unused_disk": [],
            "usb": [],
            "vcpus": 0,
            "vga": [],
            "vlan": -1,
            "vmid": null
          },
          "sensitive_attributes": [],
          "private": "eyJlMmJmYjczMC1lY2FhLTExZTYtOGY4OC0zNDM2M2JjN2M0YzAiOnsiY3JlYXRlIjozMDAwMDAwMDAwMDAsImRlZmF1bHQiOjMwMDAwMDAwMDAwMCwiZGVsZXRlIjoxODAwMDAwMDAwMDAsInJlYWQiOjE4MDAwMDAwMDAwMCwidXBkYXRlIjoxODAwMDAwMDAwMDB9fQ=="
        },
        {
          "index_key": "k3os-server-02",
          "schema_version": 0,
          "attributes": {
            "additional_wait": 0,
            "agent": 0,
            "args": "",
            "automatic_reboot": true,
            "balloon": 0,
            "bios": "seabios",
            "boot": "c",
            "bootdisk": "",
            "bridge": "",
            "ci_wait": null,
            "cicustom": "",
            "cipassword": "",
            "ciuser": "",
            "clone": null,
            "clone_wait": 0,
            "cloudinit_cdrom_storage": null,
            "cores": 1,
            "cpu": "host",
            "default_ipv4_address": null,
            "define_connection_info": true,
            "desc": "k3os Server 02",
            "disk": [
              {
                "aio": "",
                "backup": 0,
                "cache": "none",
                "discard": "",
                "file": "vm-108-disk-0",
                "format": "raw",
                "iops": 0,
                "iops_max": 0,
                "iops_max_length": 0,
                "iops_rd": 0,
                "iops_rd_max": 0,
                "iops_rd_max_length": 0,
                "iops_wr": 0,
                "iops_wr_max": 0,
                "iops_wr_max_length": 0,
                "iothread": 0,
                "mbps": 0,
                "mbps_rd": 0,
                "mbps_rd_max": 0,
                "mbps_wr": 0,
                "mbps_wr_max": 0,
                "media": "",
                "replicate": 0,
                "size": "4G",
                "slot": 0,
                "ssd": 0,
                "storage": "local-lvm",
                "storage_type": "lvmthin",
                "type": "virtio",
                "volume": "local-lvm:vm-108-disk-0"
              }
            ],
            "disk_gb": 0,
            "force_create": false,
            "force_recreate_on_change_of": null,
            "full_clone": true,
            "guest_agent_ready_timeout": 100,
            "hagroup": "",
            "hastate": "",
            "hotplug": "network,disk,usb",
            "id": "macmini2/qemu/108",
            "ipconfig0": "",
            "ipconfig1": "",
            "ipconfig2": "",
            "ipconfig3": "",
            "ipconfig4": "",
            "ipconfig5": "",
            "iso": "/mnt/pve/remote-nfs/template/iso/k3os-amd64.iso",
            "kvm": true,
            "mac": "",
            "memory": 2048,
            "name": "k3os-server-02.macminis.net",
            "nameserver": "",
            "network": [
              {
                "bridge": "vmbr0",
                "firewall": true,
                "link_down": false,
                "macaddr": "32:90:C6:23:8D:80",
                "model": "virtio",
                "mtu": 0,
                "queues": 0,
                "rate": 0,
                "tag": -1
              }
            ],
            "nic": "",
            "numa": false,
            "onboot": true,
            "oncreate": false,
            "os_network_config": null,
            "os_type": "Linux 5.x - 2.6 Kernel",
            "pool": "",
            "preprovision": true,
            "pxe": null,
            "qemu_os": "l26",
            "reboot_required": false,
            "scsihw": "virtio-scsi-pci",
            "searchdomain": "",
            "serial": [],
            "sockets": 1,
            "ssh_forward_ip": null,
            "ssh_host": null,
            "ssh_port": null,
            "ssh_private_key": null,
            "ssh_user": null,
            "sshkeys": "",
            "startup": "",
            "storage": "",
            "storage_type": "",
            "tablet": true,
            "tags": "",
            "target_node": "macmini2",
            "timeouts": null,
            "unused_disk": [],
            "usb": [],
            "vcpus": 0,
            "vga": [],
            "vlan": -1,
            "vmid": null
          },
          "sensitive_attributes": [],
          "private": "eyJlMmJmYjczMC1lY2FhLTExZTYtOGY4OC0zNDM2M2JjN2M0YzAiOnsiY3JlYXRlIjozMDAwMDAwMDAwMDAsImRlZmF1bHQiOjMwMDAwMDAwMDAwMCwiZGVsZXRlIjoxODAwMDAwMDAwMDAsInJlYWQiOjE4MDAwMDAwMDAwMCwidXBkYXRlIjoxODAwMDAwMDAwMDB9fQ=="
        },
        {
          "index_key": "k3os-server-03",
          "schema_version": 0,
          "attributes": {
            "additional_wait": 0,
            "agent": 0,
            "args": "",
            "automatic_reboot": true,
            "balloon": 0,
            "bios": "seabios",
            "boot": "c",
            "bootdisk": "",
            "bridge": "",
            "ci_wait": null,
            "cicustom": "",
            "cipassword": "",
            "ciuser": "",
            "clone": null,
            "clone_wait": 0,
            "cloudinit_cdrom_storage": null,
            "cores": 1,
            "cpu": "host",
            "default_ipv4_address": null,
            "define_connection_info": true,
            "desc": "k3os Server 03",
            "disk": [
              {
                "aio": "",
                "backup": 0,
                "cache": "none",
                "discard": "",
                "file": "vm-106-disk-0",
                "format": "raw",
                "iops": 0,
                "iops_max": 0,
                "iops_max_length": 0,
                "iops_rd": 0,
                "iops_rd_max": 0,
                "iops_rd_max_length": 0,
                "iops_wr": 0,
                "iops_wr_max": 0,
                "iops_wr_max_length": 0,
                "iothread": 0,
                "mbps": 0,
                "mbps_rd": 0,
                "mbps_rd_max": 0,
                "mbps_wr": 0,
                "mbps_wr_max": 0,
                "media": "",
                "replicate": 0,
                "size": "4G",
                "slot": 0,
                "ssd": 0,
                "storage": "local-lvm",
                "storage_type": "lvmthin",
                "type": "virtio",
                "volume": "local-lvm:vm-106-disk-0"
              }
            ],
            "disk_gb": 0,
            "force_create": false,
            "force_recreate_on_change_of": null,
            "full_clone": true,
            "guest_agent_ready_timeout": 100,
            "hagroup": "",
            "hastate": "",
            "hotplug": "network,disk,usb",
            "id": "macmini3/qemu/106",
            "ipconfig0": "",
            "ipconfig1": "",
            "ipconfig2": "",
            "ipconfig3": "",
            "ipconfig4": "",
            "ipconfig5": "",
            "iso": "/mnt/pve/remote-nfs/template/iso/k3os-amd64.iso",
            "kvm": true,
            "mac": "",
            "memory": 2048,
            "name": "k3os-server-03.macminis.net",
            "nameserver": "",
            "network": [
              {
                "bridge": "vmbr0",
                "firewall": true,
                "link_down": false,
                "macaddr": "D6:D6:D0:A2:72:76",
                "model": "virtio",
                "mtu": 0,
                "queues": 0,
                "rate": 0,
                "tag": -1
              }
            ],
            "nic": "",
            "numa": false,
            "onboot": true,
            "oncreate": false,
            "os_network_config": null,
            "os_type": "Linux 5.x - 2.6 Kernel",
            "pool": "",
            "preprovision": true,
            "pxe": null,
            "qemu_os": "l26",
            "reboot_required": false,
            "scsihw": "virtio-scsi-pci",
            "searchdomain": "",
            "serial": [],
            "sockets": 1,
            "ssh_forward_ip": null,
            "ssh_host": null,
            "ssh_port": null,
            "ssh_private_key": null,
            "ssh_user": null,
            "sshkeys": "",
            "startup": "",
            "storage": "",
            "storage_type": "",
            "tablet": true,
            "tags": "",
            "target_node": "macmini3",
            "timeouts": null,
            "unused_disk": [],
            "usb": [],
            "vcpus": 0,
            "vga": [],
            "vlan": -1,
            "vmid": null
          },
          "sensitive_attributes": [],
          "private": "eyJlMmJmYjczMC1lY2FhLTExZTYtOGY4OC0zNDM2M2JjN2M0YzAiOnsiY3JlYXRlIjozMDAwMDAwMDAwMDAsImRlZmF1bHQiOjMwMDAwMDAwMDAwMCwiZGVsZXRlIjoxODAwMDAwMDAwMDAsInJlYWQiOjE4MDAwMDAwMDAwMCwidXBkYXRlIjoxODAwMDAwMDAwMDB9fQ=="
        }
      ]
    }
  ]
}
