{
  "version": 4,
  "terraform_version": "0.15.5",
  "serial": 15,
  "lineage": "6caf3d62-d2e6-5b5d-cc29-31dd980521cf",
  "outputs": {},
  "resources": [
    {
      "module": "module.test",
      "mode": "managed",
      "type": "proxmox_vm_qemu",
      "name": "vms_mac1",
      "provider": "module.test.provider[\"registry.terraform.io/telmate/proxmox\"].mac1",
      "instances": [
        {
          "index_key": 0,
          "status": "tainted",
          "schema_version": 0,
          "attributes": {
            "additional_wait": 15,
            "agent": 1,
            "args": null,
            "balloon": 0,
            "bios": "seabios",
            "boot": "cdn",
            "bootdisk": null,
            "bridge": null,
            "ci_wait": null,
            "cicustom": null,
            "cipassword": null,
            "ciuser": null,
            "clone": "ubuntu-20-04-iso-tmpl",
            "clone_wait": 15,
            "cloudinit_cdrom_storage": null,
            "cores": 1,
            "cpu": "host",
            "default_ipv4_address": null,
            "define_connection_info": true,
            "desc": "test 1",
            "disk": [
              {
                "backup": 0,
                "cache": "none",
                "discard": "",
                "file": "",
                "format": "",
                "iothread": 0,
                "mbps": 0,
                "mbps_rd": 0,
                "mbps_rd_max": 0,
                "mbps_wr": 0,
                "mbps_wr_max": 0,
                "media": "",
                "replicate": 0,
                "size": "16G",
                "slot": 0,
                "ssd": 0,
                "storage": "local-lvm",
                "storage_type": "",
                "type": "scsi",
                "volume": ""
              }
            ],
            "disk_gb": null,
            "force_create": false,
            "force_recreate_on_change_of": null,
            "full_clone": true,
            "guest_agent_ready_timeout": 600,
            "hastate": null,
            "hotplug": "network,disk,usb",
            "id": "macmini1/qemu/102",
            "ipconfig0": "ip=192.168.136.181/24,gw=192.168.136.1",
            "ipconfig1": null,
            "ipconfig2": null,
            "iso": null,
            "kvm": true,
            "mac": null,
            "memory": 2048,
            "name": "test-1",
            "nameserver": null,
            "network": [
              {
                "bridge": "vmbr0",
                "firewall": false,
                "link_down": false,
                "macaddr": "",
                "model": "virtio",
                "queues": 0,
                "rate": 0,
                "tag": -1
              }
            ],
            "nic": null,
            "numa": false,
            "onboot": false,
            "os_network_config": null,
            "os_type": "cloud-init",
            "pool": null,
            "preprovision": true,
            "qemu_os": null,
            "reboot_required": null,
            "scsihw": null,
            "searchdomain": null,
            "serial": [],
            "sockets": 1,
            "ssh_forward_ip": null,
            "ssh_host": null,
            "ssh_port": null,
            "ssh_private_key": null,
            "ssh_user": null,
            "sshkeys": "ssh-ed25519 AAAAC3NzaC1lZDI1NTE5AAAAIIgjDNPF6qWWgfXWzXxrejnbX/HhXr4gMk0wKuJKLcJ9 ifarfan@gmx.com\nssh-rsa AAAAB3NzaC1yc2EAAAADAQABAAACAQDCNaVP0USq5F3TYVQ6JKdwJzrbXwgg2Wvod2nKDM+T0dBsiI0jjrFEnYQoyawyUt8yQgQ2gx2PBnbwP/UTnpT1LKiwKG1Lqc3N5WAqJTf3Ih+H9i5QWL/9Nzjcnl6zT6LklegqOtv8pHzBcwpTUXKiwXO0Q3K38hgLJq4LVvrfpONalwTipWFak1h001VW3y/FCio7JWbuD7XCE5NSxSBRbzzIYvxm6cukbn4b3e1/lDH66IgliopPg9v0yS1nJmtUWUWPdXzmvJmPDOYDBm7o5vbyhQkcGJA9sf/PD+nrkUduD0UY9HaCImj+waIdD6S8h4CWnNzrrq3OuKvvGVSN9tU2mmeBCPPq8sYc3V8V8uz5MXvT/w/FtChby5Fg5rES/k1sRkMhb7LHRe/p8HBBI2EDanfUIxv8yVZ00JegoGlvbVCffbFl2rTdcl7eyKMDlaiVjC9sH1pAXRcZuA7psVao5TKIHYc6ohzUgZ7m7jfmEV1BZHBW6MDkXeMSh2v94vCKkzC+LQmwzoxnW0CnmUvEQ/CvOe0oxiVOJpM4I12gKB/VhIJ/uHBrZJ4taywcx54hrZCDYXhy2FH4wxQHbG7BclXE2tv1ceOtoGCqsQTXTcObjDOx6JXfuP45piNY85USIDSKKufmCTi1rb1YVbqZQqOXXtjLq0Yo2XEbiQ== ansible@local\n",
            "storage": null,
            "storage_type": null,
            "tags": "terraform",
            "target_node": "macmini1",
            "unused_disk": null,
            "vcpus": 0,
            "vga": [
              {
                "memory": 32,
                "type": "vmware"
              }
            ],
            "vlan": -1,
            "vmid": null
          },
          "sensitive_attributes": [],
          "private": "bnVsbA=="
        }
      ]
    },
    {
      "module": "module.test",
      "mode": "managed",
      "type": "proxmox_vm_qemu",
      "name": "vms_mac2",
      "provider": "module.test.provider[\"registry.terraform.io/telmate/proxmox\"].mac2",
      "instances": [
        {
          "index_key": 0,
          "schema_version": 0,
          "attributes": {
            "additional_wait": 15,
            "agent": 1,
            "args": "",
            "balloon": 0,
            "bios": "seabios",
            "boot": "cdn",
            "bootdisk": "",
            "bridge": "",
            "ci_wait": null,
            "cicustom": "",
            "cipassword": "",
            "ciuser": "",
            "clone": "ubuntu-20-04-iso-tmpl",
            "clone_wait": 15,
            "cloudinit_cdrom_storage": null,
            "cores": 1,
            "cpu": "host",
            "default_ipv4_address": "",
            "define_connection_info": true,
            "desc": "test 2",
            "disk": [
              {
                "backup": 0,
                "cache": "none",
                "discard": "",
                "file": "vm-101-disk-0",
                "format": "raw",
                "iothread": 0,
                "mbps": 0,
                "mbps_rd": 0,
                "mbps_rd_max": 0,
                "mbps_wr": 0,
                "mbps_wr_max": 0,
                "media": "",
                "replicate": 0,
                "size": "16G",
                "slot": 0,
                "ssd": 0,
                "storage": "local-lvm",
                "storage_type": "lvmthin",
                "type": "scsi",
                "volume": "local-lvm:vm-101-disk-0"
              }
            ],
            "disk_gb": 0,
            "force_create": false,
            "force_recreate_on_change_of": null,
            "full_clone": true,
            "guest_agent_ready_timeout": 600,
            "hastate": "",
            "hotplug": "network,disk,usb",
            "id": "macmini2/qemu/101",
            "ipconfig0": "ip=192.168.136.182/24,gw=192.168.136.1",
            "ipconfig1": "",
            "ipconfig2": "",
            "iso": null,
            "kvm": true,
            "mac": "",
            "memory": 2048,
            "name": "test-2",
            "nameserver": "",
            "network": [
              {
                "bridge": "vmbr0",
                "firewall": false,
                "link_down": false,
                "macaddr": "92:2E:DD:39:43:AD",
                "model": "virtio",
                "queues": 0,
                "rate": 0,
                "tag": -1
              }
            ],
            "nic": "",
            "numa": false,
            "onboot": true,
            "os_network_config": null,
            "os_type": "cloud-init",
            "pool": "",
            "preprovision": true,
            "qemu_os": "l26",
            "reboot_required": false,
            "scsihw": "lsi",
            "searchdomain": "",
            "serial": [],
            "sockets": 1,
            "ssh_forward_ip": null,
            "ssh_host": "192.168.136.182",
            "ssh_port": "22",
            "ssh_private_key": null,
            "ssh_user": null,
            "sshkeys": "ssh-ed25519 AAAAC3NzaC1lZDI1NTE5AAAAIIgjDNPF6qWWgfXWzXxrejnbX/HhXr4gMk0wKuJKLcJ9 ifarfan@gmx.com\nssh-rsa AAAAB3NzaC1yc2EAAAADAQABAAACAQDCNaVP0USq5F3TYVQ6JKdwJzrbXwgg2Wvod2nKDM+T0dBsiI0jjrFEnYQoyawyUt8yQgQ2gx2PBnbwP/UTnpT1LKiwKG1Lqc3N5WAqJTf3Ih+H9i5QWL/9Nzjcnl6zT6LklegqOtv8pHzBcwpTUXKiwXO0Q3K38hgLJq4LVvrfpONalwTipWFak1h001VW3y/FCio7JWbuD7XCE5NSxSBRbzzIYvxm6cukbn4b3e1/lDH66IgliopPg9v0yS1nJmtUWUWPdXzmvJmPDOYDBm7o5vbyhQkcGJA9sf/PD+nrkUduD0UY9HaCImj+waIdD6S8h4CWnNzrrq3OuKvvGVSN9tU2mmeBCPPq8sYc3V8V8uz5MXvT/w/FtChby5Fg5rES/k1sRkMhb7LHRe/p8HBBI2EDanfUIxv8yVZ00JegoGlvbVCffbFl2rTdcl7eyKMDlaiVjC9sH1pAXRcZuA7psVao5TKIHYc6ohzUgZ7m7jfmEV1BZHBW6MDkXeMSh2v94vCKkzC+LQmwzoxnW0CnmUvEQ/CvOe0oxiVOJpM4I12gKB/VhIJ/uHBrZJ4taywcx54hrZCDYXhy2FH4wxQHbG7BclXE2tv1ceOtoGCqsQTXTcObjDOx6JXfuP45piNY85USIDSKKufmCTi1rb1YVbqZQqOXXtjLq0Yo2XEbiQ== ansible@local\n\n",
            "storage": "",
            "storage_type": "",
            "tags": "terraform",
            "target_node": "macmini2",
            "unused_disk": [],
            "vcpus": 0,
            "vga": [
              {
                "memory": 32,
                "type": "vmware"
              }
            ],
            "vlan": -1,
            "vmid": null
          },
          "sensitive_attributes": [],
          "private": "bnVsbA=="
        }
      ]
    },
    {
      "module": "module.test",
      "mode": "managed",
      "type": "proxmox_vm_qemu",
      "name": "vms_mac3",
      "provider": "module.test.provider[\"registry.terraform.io/telmate/proxmox\"].mac3",
      "instances": [
        {
          "index_key": 0,
          "schema_version": 0,
          "attributes": {
            "additional_wait": 15,
            "agent": 1,
            "args": "",
            "balloon": 0,
            "bios": "seabios",
            "boot": "cdn",
            "bootdisk": "",
            "bridge": "",
            "ci_wait": null,
            "cicustom": "",
            "cipassword": "",
            "ciuser": "",
            "clone": "ubuntu-20-04-iso-tmpl",
            "clone_wait": 15,
            "cloudinit_cdrom_storage": null,
            "cores": 1,
            "cpu": "host",
            "default_ipv4_address": "",
            "define_connection_info": true,
            "desc": "test 3",
            "disk": [
              {
                "backup": 0,
                "cache": "none",
                "discard": "",
                "file": "vm-100-disk-0",
                "format": "raw",
                "iothread": 0,
                "mbps": 0,
                "mbps_rd": 0,
                "mbps_rd_max": 0,
                "mbps_wr": 0,
                "mbps_wr_max": 0,
                "media": "",
                "replicate": 0,
                "size": "16G",
                "slot": 0,
                "ssd": 0,
                "storage": "local-lvm",
                "storage_type": "lvmthin",
                "type": "scsi",
                "volume": "local-lvm:vm-100-disk-0"
              }
            ],
            "disk_gb": 0,
            "force_create": false,
            "force_recreate_on_change_of": null,
            "full_clone": true,
            "guest_agent_ready_timeout": 600,
            "hastate": "",
            "hotplug": "network,disk,usb",
            "id": "macmini3/qemu/100",
            "ipconfig0": "ip=192.168.136.183/24,gw=192.168.136.1",
            "ipconfig1": "",
            "ipconfig2": "",
            "iso": null,
            "kvm": true,
            "mac": "",
            "memory": 2048,
            "name": "test-3",
            "nameserver": "",
            "network": [
              {
                "bridge": "vmbr0",
                "firewall": false,
                "link_down": false,
                "macaddr": "8E:29:E3:01:82:2D",
                "model": "virtio",
                "queues": 0,
                "rate": 0,
                "tag": -1
              }
            ],
            "nic": "",
            "numa": false,
            "onboot": true,
            "os_network_config": null,
            "os_type": "cloud-init",
            "pool": "",
            "preprovision": true,
            "qemu_os": "l26",
            "reboot_required": false,
            "scsihw": "lsi",
            "searchdomain": "",
            "serial": [],
            "sockets": 1,
            "ssh_forward_ip": null,
            "ssh_host": "192.168.136.183",
            "ssh_port": "22",
            "ssh_private_key": null,
            "ssh_user": null,
            "sshkeys": "ssh-ed25519 AAAAC3NzaC1lZDI1NTE5AAAAIIgjDNPF6qWWgfXWzXxrejnbX/HhXr4gMk0wKuJKLcJ9 ifarfan@gmx.com\nssh-rsa AAAAB3NzaC1yc2EAAAADAQABAAACAQDCNaVP0USq5F3TYVQ6JKdwJzrbXwgg2Wvod2nKDM+T0dBsiI0jjrFEnYQoyawyUt8yQgQ2gx2PBnbwP/UTnpT1LKiwKG1Lqc3N5WAqJTf3Ih+H9i5QWL/9Nzjcnl6zT6LklegqOtv8pHzBcwpTUXKiwXO0Q3K38hgLJq4LVvrfpONalwTipWFak1h001VW3y/FCio7JWbuD7XCE5NSxSBRbzzIYvxm6cukbn4b3e1/lDH66IgliopPg9v0yS1nJmtUWUWPdXzmvJmPDOYDBm7o5vbyhQkcGJA9sf/PD+nrkUduD0UY9HaCImj+waIdD6S8h4CWnNzrrq3OuKvvGVSN9tU2mmeBCPPq8sYc3V8V8uz5MXvT/w/FtChby5Fg5rES/k1sRkMhb7LHRe/p8HBBI2EDanfUIxv8yVZ00JegoGlvbVCffbFl2rTdcl7eyKMDlaiVjC9sH1pAXRcZuA7psVao5TKIHYc6ohzUgZ7m7jfmEV1BZHBW6MDkXeMSh2v94vCKkzC+LQmwzoxnW0CnmUvEQ/CvOe0oxiVOJpM4I12gKB/VhIJ/uHBrZJ4taywcx54hrZCDYXhy2FH4wxQHbG7BclXE2tv1ceOtoGCqsQTXTcObjDOx6JXfuP45piNY85USIDSKKufmCTi1rb1YVbqZQqOXXtjLq0Yo2XEbiQ== ansible@local\n\n",
            "storage": "",
            "storage_type": "",
            "tags": "terraform",
            "target_node": "macmini3",
            "unused_disk": [],
            "vcpus": 0,
            "vga": [
              {
                "memory": 32,
                "type": "vmware"
              }
            ],
            "vlan": -1,
            "vmid": null
          },
          "sensitive_attributes": [],
          "private": "bnVsbA=="
        }
      ]
    }
  ]
}
